
Microsoft Visual Studio Solution File, Format Version 12.00
# Visual Studio Version 17
VisualStudioVersion = 17.2.32519.379
MinimumVisualStudioVersion = 10.0.40219.1
Project("{8BC9CEB8-8B4A-11D0-8D11-00A0C91BC942}") = "MFC_10_11", "MFC_10_11\MFC_10_11.vcxproj", "{E5BF2028-9FA5-4079-BA62-AB7445616EA4}"
EndProject
Global
	GlobalSection(SolutionConfigurationPlatforms) = preSolution
		Debug|x64 = Debug|x64
		Debug|x86 = Debug|x86
		Release|x64 = Release|x64
		Release|x86 = Release|x86
	EndGlobalSection
	GlobalSection(ProjectConfigurationPlatforms) = postSolution
		{E5BF2028-9FA5-4079-BA62-AB7445616EA4}.Debug|x64.ActiveCfg = Debug|x64
		{E5BF2028-9FA5-4079-BA62-AB7445616EA4}.Debug|x64.Build.0 = Debug|x64
		{E5BF2028-9FA5-4079-BA62-AB7445616EA4}.Debug|x86.ActiveCfg = Debug|Win32
		{E5BF2028-9FA5-4079-BA62-AB7445616EA4}.Debug|x86.Build.0 = Debug|Win32
		{E5BF2028-9FA5-4079-BA62-AB7445616EA4}.Release|x64.ActiveCfg = Release|x64
		{E5BF2028-9FA5-4079-BA62-AB7445616EA4}.Release|x64.Build.0 = Release|x64
		{E5BF2028-9FA5-4079-BA62-AB7445616EA4}.Release|x86.ActiveCfg = Release|Win32
		{E5BF2028-9FA5-4079-BA62-AB7445616EA4}.Release|x86.Build.0 = Release|Win32
	EndGlobalSection
	GlobalSection(SolutionProperties) = preSolution
		HideSolutionNode = FALSE
	EndGlobalSection
	GlobalSection(ExtensibilityGlobals) = postSolution
		SolutionGuid = {6C4679E6-9231-4C53-A2E1-458E37C85608}
	EndGlobalSection
EndGlobal
